
Microsoft Visual Studio Solution File, Format Version 12.00
# Visual Studio Version 17
VisualStudioVersion = 17.0.31903.59
MinimumVisualStudioVersion = 10.0.40219.1
Project("{2150E333-8FDC-42A3-9474-1A3956D46DE8}") = "src", "src", "{E9334FA7-2083-4EE7-8C2D-8087DBA2F784}"
EndProject
Project("{2150E333-8FDC-42A3-9474-1A3956D46DE8}") = "BuildingBlocks", "BuildingBlocks", "{67376A09-1D8B-4900-8D1B-2A582402F8E2}"
EndProject
Project("{FAE04EC0-301F-11D3-BF4B-00C04F79EFBC}") = "LiquorPOS.BuildingBlocks", "src\BuildingBlocks\LiquorPOS.BuildingBlocks\LiquorPOS.BuildingBlocks.csproj", "{F8D4798A-9791-48C7-BB40-4CDAD0B5D01A}"
EndProject
Project("{2150E333-8FDC-42A3-9474-1A3956D46DE8}") = "Services", "Services", "{985EE04E-4FB9-4AD7-B211-01C168E7E966}"
EndProject
Project("{2150E333-8FDC-42A3-9474-1A3956D46DE8}") = "Identity", "Identity", "{AD051FEA-1552-47D5-84F9-8509545FB5C1}"
EndProject
Project("{FAE04EC0-301F-11D3-BF4B-00C04F79EFBC}") = "LiquorPOS.Services.Identity.Domain", "src\Services\Identity\LiquorPOS.Services.Identity.Domain\LiquorPOS.Services.Identity.Domain.csproj", "{9DEBB19D-4E30-4566-9DD1-864B8C4599B1}"
EndProject
Project("{FAE04EC0-301F-11D3-BF4B-00C04F79EFBC}") = "LiquorPOS.Services.Identity.Application", "src\Services\Identity\LiquorPOS.Services.Identity.Application\LiquorPOS.Services.Identity.Application.csproj", "{87D182E4-2F72-4D36-8D79-4FEFCC7AA1AF}"
EndProject
Project("{FAE04EC0-301F-11D3-BF4B-00C04F79EFBC}") = "LiquorPOS.Services.Identity.Infrastructure", "src\Services\Identity\LiquorPOS.Services.Identity.Infrastructure\LiquorPOS.Services.Identity.Infrastructure.csproj", "{D20E1ED4-723F-43DC-9583-84E243094387}"
EndProject
Project("{FAE04EC0-301F-11D3-BF4B-00C04F79EFBC}") = "LiquorPOS.Services.Identity.Api", "src\Services\Identity\LiquorPOS.Services.Identity.Api\LiquorPOS.Services.Identity.Api.csproj", "{0EDE32CA-8532-408C-97B5-F5C2C8A48DEA}"
EndProject
Project("{2150E333-8FDC-42A3-9474-1A3956D46DE8}") = "tests", "tests", "{59893E3E-1073-43E6-9ADB-B5331DCFD28F}"
EndProject
Project("{2150E333-8FDC-42A3-9474-1A3956D46DE8}") = "Services", "Services", "{86B4738C-AEF3-45B6-B2B6-6291FF8B648B}"
EndProject
Project("{2150E333-8FDC-42A3-9474-1A3956D46DE8}") = "Identity", "Identity", "{2152D194-7FEC-4D12-969A-8F8DACE2355A}"
EndProject
Project("{FAE04EC0-301F-11D3-BF4B-00C04F79EFBC}") = "LiquorPOS.Services.Identity.UnitTests", "tests\Services\Identity\LiquorPOS.Services.Identity.UnitTests\LiquorPOS.Services.Identity.UnitTests.csproj", "{AADDC1DA-9C18-44D8-B3DA-106BEB98A1A7}"
EndProject
Project("{2150E333-8FDC-42A3-9474-1A3956D46DE8}") = "Catalog", "Catalog", "{041F8F0D-E1CB-4892-9458-8058AEE8ED24}"
EndProject
Project("{FAE04EC0-301F-11D3-BF4B-00C04F79EFBC}") = "LiquorPOS.Services.Catalog.Domain", "src\Services\Catalog\LiquorPOS.Services.Catalog.Domain\LiquorPOS.Services.Catalog.Domain.csproj", "{EF9F8AB1-4130-4210-9F2A-5B30A0B37491}"
EndProject
Project("{FAE04EC0-301F-11D3-BF4B-00C04F79EFBC}") = "LiquorPOS.Services.Catalog.Application", "src\Services\Catalog\LiquorPOS.Services.Catalog.Application\LiquorPOS.Services.Catalog.Application.csproj", "{7E603C91-8584-4D16-B42A-BD131372EF00}"
EndProject
Project("{FAE04EC0-301F-11D3-BF4B-00C04F79EFBC}") = "LiquorPOS.Services.Catalog.Infrastructure", "src\Services\Catalog\LiquorPOS.Services.Catalog.Infrastructure\LiquorPOS.Services.Catalog.Infrastructure.csproj", "{B32C6108-EF70-4F53-8249-05670F512593}"
EndProject
Project("{FAE04EC0-301F-11D3-BF4B-00C04F79EFBC}") = "LiquorPOS.Services.Catalog.Api", "src\Services\Catalog\LiquorPOS.Services.Catalog.Api\LiquorPOS.Services.Catalog.Api.csproj", "{56DEBEA0-484E-4E14-883D-777F12A4BD51}"
EndProject
Project("{2150E333-8FDC-42A3-9474-1A3956D46DE8}") = "Catalog", "Catalog", "{49942279-D33E-463D-A551-C5DEACE770BA}"
EndProject
Project("{FAE04EC0-301F-11D3-BF4B-00C04F79EFBC}") = "LiquorPOS.Services.Catalog.UnitTests", "tests\Services\Catalog\LiquorPOS.Services.Catalog.UnitTests\LiquorPOS.Services.Catalog.UnitTests.csproj", "{BDA6B97D-7051-481A-8E31-D04F3F2CC244}"
EndProject
Project("{2150E333-8FDC-42A3-9474-1A3956D46DE8}") = "InventoryPurchasing", "InventoryPurchasing", "{DEE21BF7-F193-412A-A226-BDD01F390C19}"
EndProject
Project("{FAE04EC0-301F-11D3-BF4B-00C04F79EFBC}") = "LiquorPOS.Services.InventoryPurchasing.Domain", "src\Services\InventoryPurchasing\LiquorPOS.Services.InventoryPurchasing.Domain\LiquorPOS.Services.InventoryPurchasing.Domain.csproj", "{52FC35E7-1AEB-4FEC-8697-0B3A1B1DC402}"
EndProject
Project("{FAE04EC0-301F-11D3-BF4B-00C04F79EFBC}") = "LiquorPOS.Services.InventoryPurchasing.Application", "src\Services\InventoryPurchasing\LiquorPOS.Services.InventoryPurchasing.Application\LiquorPOS.Services.InventoryPurchasing.Application.csproj", "{3D2E6BA2-8A86-48C5-9852-DFD875C09375}"
EndProject
Project("{FAE04EC0-301F-11D3-BF4B-00C04F79EFBC}") = "LiquorPOS.Services.InventoryPurchasing.Infrastructure", "src\Services\InventoryPurchasing\LiquorPOS.Services.InventoryPurchasing.Infrastructure\LiquorPOS.Services.InventoryPurchasing.Infrastructure.csproj", "{6E8C7A98-8A64-4073-A9AC-49E0CB7113CD}"
EndProject
Project("{FAE04EC0-301F-11D3-BF4B-00C04F79EFBC}") = "LiquorPOS.Services.InventoryPurchasing.Api", "src\Services\InventoryPurchasing\LiquorPOS.Services.InventoryPurchasing.Api\LiquorPOS.Services.InventoryPurchasing.Api.csproj", "{527B6FC6-5BD1-470C-9C4E-B107EA1EF89B}"
EndProject
Project("{2150E333-8FDC-42A3-9474-1A3956D46DE8}") = "InventoryPurchasing", "InventoryPurchasing", "{2F6CC936-3590-40A2-8A56-C2B8A17B4078}"
EndProject
Project("{FAE04EC0-301F-11D3-BF4B-00C04F79EFBC}") = "LiquorPOS.Services.InventoryPurchasing.UnitTests", "tests\Services\InventoryPurchasing\LiquorPOS.Services.InventoryPurchasing.UnitTests\LiquorPOS.Services.InventoryPurchasing.UnitTests.csproj", "{4B02CFCD-1158-4284-8090-E673544D5157}"
EndProject
Project("{2150E333-8FDC-42A3-9474-1A3956D46DE8}") = "SalesPOS", "SalesPOS", "{D0DE7DAD-2427-4097-A7B0-1D79B7E95B6D}"
EndProject
Project("{FAE04EC0-301F-11D3-BF4B-00C04F79EFBC}") = "LiquorPOS.Services.SalesPOS.Domain", "src\Services\SalesPOS\LiquorPOS.Services.SalesPOS.Domain\LiquorPOS.Services.SalesPOS.Domain.csproj", "{2E4C269D-50CC-4EEF-91A4-2C4364C9F4D3}"
EndProject
Project("{FAE04EC0-301F-11D3-BF4B-00C04F79EFBC}") = "LiquorPOS.Services.SalesPOS.Application", "src\Services\SalesPOS\LiquorPOS.Services.SalesPOS.Application\LiquorPOS.Services.SalesPOS.Application.csproj", "{2BCEED0D-0054-43C4-97DA-9D4AE3E3A0EA}"
EndProject
Project("{FAE04EC0-301F-11D3-BF4B-00C04F79EFBC}") = "LiquorPOS.Services.SalesPOS.Infrastructure", "src\Services\SalesPOS\LiquorPOS.Services.SalesPOS.Infrastructure\LiquorPOS.Services.SalesPOS.Infrastructure.csproj", "{25AD0A0C-A59E-470A-A683-052609BF02E7}"
EndProject
Project("{FAE04EC0-301F-11D3-BF4B-00C04F79EFBC}") = "LiquorPOS.Services.SalesPOS.Api", "src\Services\SalesPOS\LiquorPOS.Services.SalesPOS.Api\LiquorPOS.Services.SalesPOS.Api.csproj", "{052408EE-986F-457F-B6F9-7E647C8758EE}"
EndProject
Project("{2150E333-8FDC-42A3-9474-1A3956D46DE8}") = "SalesPOS", "SalesPOS", "{478BA8BE-B17C-43C2-A6D0-AF603F972BF2}"
EndProject
Project("{FAE04EC0-301F-11D3-BF4B-00C04F79EFBC}") = "LiquorPOS.Services.SalesPOS.UnitTests", "tests\Services\SalesPOS\LiquorPOS.Services.SalesPOS.UnitTests\LiquorPOS.Services.SalesPOS.UnitTests.csproj", "{99ADA6C7-F757-44B1-AEAE-4B1B369C2407}"
EndProject
Project("{2150E333-8FDC-42A3-9474-1A3956D46DE8}") = "CustomerLoyalty", "CustomerLoyalty", "{C03CE1A8-A554-4AEF-AC64-8A8371153FC5}"
EndProject
Project("{FAE04EC0-301F-11D3-BF4B-00C04F79EFBC}") = "LiquorPOS.Services.CustomerLoyalty.Domain", "src\Services\CustomerLoyalty\LiquorPOS.Services.CustomerLoyalty.Domain\LiquorPOS.Services.CustomerLoyalty.Domain.csproj", "{2CBD04FF-7585-4ECA-B644-ED690E23A2A6}"
EndProject
Project("{FAE04EC0-301F-11D3-BF4B-00C04F79EFBC}") = "LiquorPOS.Services.CustomerLoyalty.Application", "src\Services\CustomerLoyalty\LiquorPOS.Services.CustomerLoyalty.Application\LiquorPOS.Services.CustomerLoyalty.Application.csproj", "{C89F80D1-EA94-4A93-9110-D54194840607}"
EndProject
Project("{FAE04EC0-301F-11D3-BF4B-00C04F79EFBC}") = "LiquorPOS.Services.CustomerLoyalty.Infrastructure", "src\Services\CustomerLoyalty\LiquorPOS.Services.CustomerLoyalty.Infrastructure\LiquorPOS.Services.CustomerLoyalty.Infrastructure.csproj", "{33EF0270-5911-46B2-8B97-368D8CE4FC45}"
EndProject
Project("{FAE04EC0-301F-11D3-BF4B-00C04F79EFBC}") = "LiquorPOS.Services.CustomerLoyalty.Api", "src\Services\CustomerLoyalty\LiquorPOS.Services.CustomerLoyalty.Api\LiquorPOS.Services.CustomerLoyalty.Api.csproj", "{6C9C1BCA-C04B-455D-ABD5-A9262A0E406E}"
EndProject
Project("{2150E333-8FDC-42A3-9474-1A3956D46DE8}") = "CustomerLoyalty", "CustomerLoyalty", "{08CD0540-3747-400D-BE64-7177E8E6BC9F}"
EndProject
Project("{FAE04EC0-301F-11D3-BF4B-00C04F79EFBC}") = "LiquorPOS.Services.CustomerLoyalty.UnitTests", "tests\Services\CustomerLoyalty\LiquorPOS.Services.CustomerLoyalty.UnitTests\LiquorPOS.Services.CustomerLoyalty.UnitTests.csproj", "{0362EAC7-9B5A-4912-9033-80BA57A5FB77}"
EndProject
Project("{2150E333-8FDC-42A3-9474-1A3956D46DE8}") = "ReportingAnalytics", "ReportingAnalytics", "{B08C3761-4FFD-4B99-B74D-02398E5E20DB}"
EndProject
Project("{FAE04EC0-301F-11D3-BF4B-00C04F79EFBC}") = "LiquorPOS.Services.ReportingAnalytics.Domain", "src\Services\ReportingAnalytics\LiquorPOS.Services.ReportingAnalytics.Domain\LiquorPOS.Services.ReportingAnalytics.Domain.csproj", "{A4434E56-9302-445B-828C-2B5671B69734}"
EndProject
Project("{FAE04EC0-301F-11D3-BF4B-00C04F79EFBC}") = "LiquorPOS.Services.ReportingAnalytics.Application", "src\Services\ReportingAnalytics\LiquorPOS.Services.ReportingAnalytics.Application\LiquorPOS.Services.ReportingAnalytics.Application.csproj", "{39ED5357-376B-452F-806D-491809E12CA2}"
EndProject
Project("{FAE04EC0-301F-11D3-BF4B-00C04F79EFBC}") = "LiquorPOS.Services.ReportingAnalytics.Infrastructure", "src\Services\ReportingAnalytics\LiquorPOS.Services.ReportingAnalytics.Infrastructure\LiquorPOS.Services.ReportingAnalytics.Infrastructure.csproj", "{FC1AD82F-1298-4128-89D5-F940F9C683EF}"
EndProject
Project("{FAE04EC0-301F-11D3-BF4B-00C04F79EFBC}") = "LiquorPOS.Services.ReportingAnalytics.Api", "src\Services\ReportingAnalytics\LiquorPOS.Services.ReportingAnalytics.Api\LiquorPOS.Services.ReportingAnalytics.Api.csproj", "{ABAB6A82-7E4C-4DAB-9D38-CD408C9EBC34}"
EndProject
Project("{2150E333-8FDC-42A3-9474-1A3956D46DE8}") = "ReportingAnalytics", "ReportingAnalytics", "{C963B733-4223-43EE-8449-CB3D56911767}"
EndProject
Project("{FAE04EC0-301F-11D3-BF4B-00C04F79EFBC}") = "LiquorPOS.Services.ReportingAnalytics.UnitTests", "tests\Services\ReportingAnalytics\LiquorPOS.Services.ReportingAnalytics.UnitTests\LiquorPOS.Services.ReportingAnalytics.UnitTests.csproj", "{1E23F23A-02D4-4D26-97E1-6BCE762AF1DB}"
EndProject
Project("{2150E333-8FDC-42A3-9474-1A3956D46DE8}") = "Configuration", "Configuration", "{DC933CD7-0FD4-4AB0-A13C-51E994BF3E78}"
EndProject
Project("{FAE04EC0-301F-11D3-BF4B-00C04F79EFBC}") = "LiquorPOS.Services.Configuration.Domain", "src\Services\Configuration\LiquorPOS.Services.Configuration.Domain\LiquorPOS.Services.Configuration.Domain.csproj", "{07323241-5B0F-4A85-B366-72DCD29FD7F7}"
EndProject
Project("{FAE04EC0-301F-11D3-BF4B-00C04F79EFBC}") = "LiquorPOS.Services.Configuration.Application", "src\Services\Configuration\LiquorPOS.Services.Configuration.Application\LiquorPOS.Services.Configuration.Application.csproj", "{D9A78FA0-01C7-4D0F-A3CE-F0592E5EA8D6}"
EndProject
Project("{FAE04EC0-301F-11D3-BF4B-00C04F79EFBC}") = "LiquorPOS.Services.Configuration.Infrastructure", "src\Services\Configuration\LiquorPOS.Services.Configuration.Infrastructure\LiquorPOS.Services.Configuration.Infrastructure.csproj", "{B64E876A-3803-47E8-95BB-963A0FDBECB7}"
EndProject
Project("{FAE04EC0-301F-11D3-BF4B-00C04F79EFBC}") = "LiquorPOS.Services.Configuration.Api", "src\Services\Configuration\LiquorPOS.Services.Configuration.Api\LiquorPOS.Services.Configuration.Api.csproj", "{00D6B310-9ADE-41E9-A969-3EC347851A55}"
EndProject
Project("{2150E333-8FDC-42A3-9474-1A3956D46DE8}") = "Configuration", "Configuration", "{260FDDF3-E8D0-47D4-8BCD-FCA0E191494F}"
EndProject
Project("{FAE04EC0-301F-11D3-BF4B-00C04F79EFBC}") = "LiquorPOS.Services.Configuration.UnitTests", "tests\Services\Configuration\LiquorPOS.Services.Configuration.UnitTests\LiquorPOS.Services.Configuration.UnitTests.csproj", "{F6CF0460-CC92-4023-8028-DC9E1C306718}"
EndProject
Project("{2150E333-8FDC-42A3-9474-1A3956D46DE8}") = "ApiGateway", "ApiGateway", "{71B8FF6B-E7E8-45FC-A891-7C86E21C2B5C}"
EndProject
Project("{FAE04EC0-301F-11D3-BF4B-00C04F79EFBC}") = "LiquorPOS.ApiGateway", "src\ApiGateway\LiquorPOS.ApiGateway\LiquorPOS.ApiGateway.csproj", "{50740077-EA2F-4D0A-A4C8-A9B21B82F2E4}"
EndProject
Global
    GlobalSection(SolutionConfigurationPlatforms) = preSolution
        Debug|Any CPU = Debug|Any CPU
        Release|Any CPU = Release|Any CPU
    EndGlobalSection
    GlobalSection(SolutionProperties) = preSolution
        HideSolutionNode = FALSE
    EndGlobalSection
    GlobalSection(ProjectConfigurationPlatforms) = postSolution
        {F8D4798A-9791-48C7-BB40-4CDAD0B5D01A}.Debug|Any CPU.ActiveCfg = Debug|Any CPU
        {F8D4798A-9791-48C7-BB40-4CDAD0B5D01A}.Debug|Any CPU.Build.0 = Debug|Any CPU
        {F8D4798A-9791-48C7-BB40-4CDAD0B5D01A}.Release|Any CPU.ActiveCfg = Release|Any CPU
        {F8D4798A-9791-48C7-BB40-4CDAD0B5D01A}.Release|Any CPU.Build.0 = Release|Any CPU
        {9DEBB19D-4E30-4566-9DD1-864B8C4599B1}.Debug|Any CPU.ActiveCfg = Debug|Any CPU
        {9DEBB19D-4E30-4566-9DD1-864B8C4599B1}.Debug|Any CPU.Build.0 = Debug|Any CPU
        {9DEBB19D-4E30-4566-9DD1-864B8C4599B1}.Release|Any CPU.ActiveCfg = Release|Any CPU
        {9DEBB19D-4E30-4566-9DD1-864B8C4599B1}.Release|Any CPU.Build.0 = Release|Any CPU
        {87D182E4-2F72-4D36-8D79-4FEFCC7AA1AF}.Debug|Any CPU.ActiveCfg = Debug|Any CPU
        {87D182E4-2F72-4D36-8D79-4FEFCC7AA1AF}.Debug|Any CPU.Build.0 = Debug|Any CPU
        {87D182E4-2F72-4D36-8D79-4FEFCC7AA1AF}.Release|Any CPU.ActiveCfg = Release|Any CPU
        {87D182E4-2F72-4D36-8D79-4FEFCC7AA1AF}.Release|Any CPU.Build.0 = Release|Any CPU
        {D20E1ED4-723F-43DC-9583-84E243094387}.Debug|Any CPU.ActiveCfg = Debug|Any CPU
        {D20E1ED4-723F-43DC-9583-84E243094387}.Debug|Any CPU.Build.0 = Debug|Any CPU
        {D20E1ED4-723F-43DC-9583-84E243094387}.Release|Any CPU.ActiveCfg = Release|Any CPU
        {D20E1ED4-723F-43DC-9583-84E243094387}.Release|Any CPU.Build.0 = Release|Any CPU
        {0EDE32CA-8532-408C-97B5-F5C2C8A48DEA}.Debug|Any CPU.ActiveCfg = Debug|Any CPU
        {0EDE32CA-8532-408C-97B5-F5C2C8A48DEA}.Debug|Any CPU.Build.0 = Debug|Any CPU
        {0EDE32CA-8532-408C-97B5-F5C2C8A48DEA}.Release|Any CPU.ActiveCfg = Release|Any CPU
        {0EDE32CA-8532-408C-97B5-F5C2C8A48DEA}.Release|Any CPU.Build.0 = Release|Any CPU
        {AADDC1DA-9C18-44D8-B3DA-106BEB98A1A7}.Debug|Any CPU.ActiveCfg = Debug|Any CPU
        {AADDC1DA-9C18-44D8-B3DA-106BEB98A1A7}.Debug|Any CPU.Build.0 = Debug|Any CPU
        {AADDC1DA-9C18-44D8-B3DA-106BEB98A1A7}.Release|Any CPU.ActiveCfg = Release|Any CPU
        {AADDC1DA-9C18-44D8-B3DA-106BEB98A1A7}.Release|Any CPU.Build.0 = Release|Any CPU
        {EF9F8AB1-4130-4210-9F2A-5B30A0B37491}.Debug|Any CPU.ActiveCfg = Debug|Any CPU
        {EF9F8AB1-4130-4210-9F2A-5B30A0B37491}.Debug|Any CPU.Build.0 = Debug|Any CPU
        {EF9F8AB1-4130-4210-9F2A-5B30A0B37491}.Release|Any CPU.ActiveCfg = Release|Any CPU
        {EF9F8AB1-4130-4210-9F2A-5B30A0B37491}.Release|Any CPU.Build.0 = Release|Any CPU
        {7E603C91-8584-4D16-B42A-BD131372EF00}.Debug|Any CPU.ActiveCfg = Debug|Any CPU
        {7E603C91-8584-4D16-B42A-BD131372EF00}.Debug|Any CPU.Build.0 = Debug|Any CPU
        {7E603C91-8584-4D16-B42A-BD131372EF00}.Release|Any CPU.ActiveCfg = Release|Any CPU
        {7E603C91-8584-4D16-B42A-BD131372EF00}.Release|Any CPU.Build.0 = Release|Any CPU
        {B32C6108-EF70-4F53-8249-05670F512593}.Debug|Any CPU.ActiveCfg = Debug|Any CPU
        {B32C6108-EF70-4F53-8249-05670F512593}.Debug|Any CPU.Build.0 = Debug|Any CPU
        {B32C6108-EF70-4F53-8249-05670F512593}.Release|Any CPU.ActiveCfg = Release|Any CPU
        {B32C6108-EF70-4F53-8249-05670F512593}.Release|Any CPU.Build.0 = Release|Any CPU
        {56DEBEA0-484E-4E14-883D-777F12A4BD51}.Debug|Any CPU.ActiveCfg = Debug|Any CPU
        {56DEBEA0-484E-4E14-883D-777F12A4BD51}.Debug|Any CPU.Build.0 = Debug|Any CPU
        {56DEBEA0-484E-4E14-883D-777F12A4BD51}.Release|Any CPU.ActiveCfg = Release|Any CPU
        {56DEBEA0-484E-4E14-883D-777F12A4BD51}.Release|Any CPU.Build.0 = Release|Any CPU
        {BDA6B97D-7051-481A-8E31-D04F3F2CC244}.Debug|Any CPU.ActiveCfg = Debug|Any CPU
        {BDA6B97D-7051-481A-8E31-D04F3F2CC244}.Debug|Any CPU.Build.0 = Debug|Any CPU
        {BDA6B97D-7051-481A-8E31-D04F3F2CC244}.Release|Any CPU.ActiveCfg = Release|Any CPU
        {BDA6B97D-7051-481A-8E31-D04F3F2CC244}.Release|Any CPU.Build.0 = Release|Any CPU
        {52FC35E7-1AEB-4FEC-8697-0B3A1B1DC402}.Debug|Any CPU.ActiveCfg = Debug|Any CPU
        {52FC35E7-1AEB-4FEC-8697-0B3A1B1DC402}.Debug|Any CPU.Build.0 = Debug|Any CPU
        {52FC35E7-1AEB-4FEC-8697-0B3A1B1DC402}.Release|Any CPU.ActiveCfg = Release|Any CPU
        {52FC35E7-1AEB-4FEC-8697-0B3A1B1DC402}.Release|Any CPU.Build.0 = Release|Any CPU
        {3D2E6BA2-8A86-48C5-9852-DFD875C09375}.Debug|Any CPU.ActiveCfg = Debug|Any CPU
        {3D2E6BA2-8A86-48C5-9852-DFD875C09375}.Debug|Any CPU.Build.0 = Debug|Any CPU
        {3D2E6BA2-8A86-48C5-9852-DFD875C09375}.Release|Any CPU.ActiveCfg = Release|Any CPU
        {3D2E6BA2-8A86-48C5-9852-DFD875C09375}.Release|Any CPU.Build.0 = Release|Any CPU
        {6E8C7A98-8A64-4073-A9AC-49E0CB7113CD}.Debug|Any CPU.ActiveCfg = Debug|Any CPU
        {6E8C7A98-8A64-4073-A9AC-49E0CB7113CD}.Debug|Any CPU.Build.0 = Debug|Any CPU
        {6E8C7A98-8A64-4073-A9AC-49E0CB7113CD}.Release|Any CPU.ActiveCfg = Release|Any CPU
        {6E8C7A98-8A64-4073-A9AC-49E0CB7113CD}.Release|Any CPU.Build.0 = Release|Any CPU
        {527B6FC6-5BD1-470C-9C4E-B107EA1EF89B}.Debug|Any CPU.ActiveCfg = Debug|Any CPU
        {527B6FC6-5BD1-470C-9C4E-B107EA1EF89B}.Debug|Any CPU.Build.0 = Debug|Any CPU
        {527B6FC6-5BD1-470C-9C4E-B107EA1EF89B}.Release|Any CPU.ActiveCfg = Release|Any CPU
        {527B6FC6-5BD1-470C-9C4E-B107EA1EF89B}.Release|Any CPU.Build.0 = Release|Any CPU
        {4B02CFCD-1158-4284-8090-E673544D5157}.Debug|Any CPU.ActiveCfg = Debug|Any CPU
        {4B02CFCD-1158-4284-8090-E673544D5157}.Debug|Any CPU.Build.0 = Debug|Any CPU
        {4B02CFCD-1158-4284-8090-E673544D5157}.Release|Any CPU.ActiveCfg = Release|Any CPU
        {4B02CFCD-1158-4284-8090-E673544D5157}.Release|Any CPU.Build.0 = Release|Any CPU
        {2E4C269D-50CC-4EEF-91A4-2C4364C9F4D3}.Debug|Any CPU.ActiveCfg = Debug|Any CPU
        {2E4C269D-50CC-4EEF-91A4-2C4364C9F4D3}.Debug|Any CPU.Build.0 = Debug|Any CPU
        {2E4C269D-50CC-4EEF-91A4-2C4364C9F4D3}.Release|Any CPU.ActiveCfg = Release|Any CPU
        {2E4C269D-50CC-4EEF-91A4-2C4364C9F4D3}.Release|Any CPU.Build.0 = Release|Any CPU
        {2BCEED0D-0054-43C4-97DA-9D4AE3E3A0EA}.Debug|Any CPU.ActiveCfg = Debug|Any CPU
        {2BCEED0D-0054-43C4-97DA-9D4AE3E3A0EA}.Debug|Any CPU.Build.0 = Debug|Any CPU
        {2BCEED0D-0054-43C4-97DA-9D4AE3E3A0EA}.Release|Any CPU.ActiveCfg = Release|Any CPU
        {2BCEED0D-0054-43C4-97DA-9D4AE3E3A0EA}.Release|Any CPU.Build.0 = Release|Any CPU
        {25AD0A0C-A59E-470A-A683-052609BF02E7}.Debug|Any CPU.ActiveCfg = Debug|Any CPU
        {25AD0A0C-A59E-470A-A683-052609BF02E7}.Debug|Any CPU.Build.0 = Debug|Any CPU
        {25AD0A0C-A59E-470A-A683-052609BF02E7}.Release|Any CPU.ActiveCfg = Release|Any CPU
        {25AD0A0C-A59E-470A-A683-052609BF02E7}.Release|Any CPU.Build.0 = Release|Any CPU
        {052408EE-986F-457F-B6F9-7E647C8758EE}.Debug|Any CPU.ActiveCfg = Debug|Any CPU
        {052408EE-986F-457F-B6F9-7E647C8758EE}.Debug|Any CPU.Build.0 = Debug|Any CPU
        {052408EE-986F-457F-B6F9-7E647C8758EE}.Release|Any CPU.ActiveCfg = Release|Any CPU
        {052408EE-986F-457F-B6F9-7E647C8758EE}.Release|Any CPU.Build.0 = Release|Any CPU
        {99ADA6C7-F757-44B1-AEAE-4B1B369C2407}.Debug|Any CPU.ActiveCfg = Debug|Any CPU
        {99ADA6C7-F757-44B1-AEAE-4B1B369C2407}.Debug|Any CPU.Build.0 = Debug|Any CPU
        {99ADA6C7-F757-44B1-AEAE-4B1B369C2407}.Release|Any CPU.ActiveCfg = Release|Any CPU
        {99ADA6C7-F757-44B1-AEAE-4B1B369C2407}.Release|Any CPU.Build.0 = Release|Any CPU
        {2CBD04FF-7585-4ECA-B644-ED690E23A2A6}.Debug|Any CPU.ActiveCfg = Debug|Any CPU
        {2CBD04FF-7585-4ECA-B644-ED690E23A2A6}.Debug|Any CPU.Build.0 = Debug|Any CPU
        {2CBD04FF-7585-4ECA-B644-ED690E23A2A6}.Release|Any CPU.ActiveCfg = Release|Any CPU
        {2CBD04FF-7585-4ECA-B644-ED690E23A2A6}.Release|Any CPU.Build.0 = Release|Any CPU
        {C89F80D1-EA94-4A93-9110-D54194840607}.Debug|Any CPU.ActiveCfg = Debug|Any CPU
        {C89F80D1-EA94-4A93-9110-D54194840607}.Debug|Any CPU.Build.0 = Debug|Any CPU
        {C89F80D1-EA94-4A93-9110-D54194840607}.Release|Any CPU.ActiveCfg = Release|Any CPU
        {C89F80D1-EA94-4A93-9110-D54194840607}.Release|Any CPU.Build.0 = Release|Any CPU
        {33EF0270-5911-46B2-8B97-368D8CE4FC45}.Debug|Any CPU.ActiveCfg = Debug|Any CPU
        {33EF0270-5911-46B2-8B97-368D8CE4FC45}.Debug|Any CPU.Build.0 = Debug|Any CPU
        {33EF0270-5911-46B2-8B97-368D8CE4FC45}.Release|Any CPU.ActiveCfg = Release|Any CPU
        {33EF0270-5911-46B2-8B97-368D8CE4FC45}.Release|Any CPU.Build.0 = Release|Any CPU
        {6C9C1BCA-C04B-455D-ABD5-A9262A0E406E}.Debug|Any CPU.ActiveCfg = Debug|Any CPU
        {6C9C1BCA-C04B-455D-ABD5-A9262A0E406E}.Debug|Any CPU.Build.0 = Debug|Any CPU
        {6C9C1BCA-C04B-455D-ABD5-A9262A0E406E}.Release|Any CPU.ActiveCfg = Release|Any CPU
        {6C9C1BCA-C04B-455D-ABD5-A9262A0E406E}.Release|Any CPU.Build.0 = Release|Any CPU
        {0362EAC7-9B5A-4912-9033-80BA57A5FB77}.Debug|Any CPU.ActiveCfg = Debug|Any CPU
        {0362EAC7-9B5A-4912-9033-80BA57A5FB77}.Debug|Any CPU.Build.0 = Debug|Any CPU
        {0362EAC7-9B5A-4912-9033-80BA57A5FB77}.Release|Any CPU.ActiveCfg = Release|Any CPU
        {0362EAC7-9B5A-4912-9033-80BA57A5FB77}.Release|Any CPU.Build.0 = Release|Any CPU
        {A4434E56-9302-445B-828C-2B5671B69734}.Debug|Any CPU.ActiveCfg = Debug|Any CPU
        {A4434E56-9302-445B-828C-2B5671B69734}.Debug|Any CPU.Build.0 = Debug|Any CPU
        {A4434E56-9302-445B-828C-2B5671B69734}.Release|Any CPU.ActiveCfg = Release|Any CPU
        {A4434E56-9302-445B-828C-2B5671B69734}.Release|Any CPU.Build.0 = Release|Any CPU
        {39ED5357-376B-452F-806D-491809E12CA2}.Debug|Any CPU.ActiveCfg = Debug|Any CPU
        {39ED5357-376B-452F-806D-491809E12CA2}.Debug|Any CPU.Build.0 = Debug|Any CPU
        {39ED5357-376B-452F-806D-491809E12CA2}.Release|Any CPU.ActiveCfg = Release|Any CPU
        {39ED5357-376B-452F-806D-491809E12CA2}.Release|Any CPU.Build.0 = Release|Any CPU
        {FC1AD82F-1298-4128-89D5-F940F9C683EF}.Debug|Any CPU.ActiveCfg = Debug|Any CPU
        {FC1AD82F-1298-4128-89D5-F940F9C683EF}.Debug|Any CPU.Build.0 = Debug|Any CPU
        {FC1AD82F-1298-4128-89D5-F940F9C683EF}.Release|Any CPU.ActiveCfg = Release|Any CPU
        {FC1AD82F-1298-4128-89D5-F940F9C683EF}.Release|Any CPU.Build.0 = Release|Any CPU
        {ABAB6A82-7E4C-4DAB-9D38-CD408C9EBC34}.Debug|Any CPU.ActiveCfg = Debug|Any CPU
        {ABAB6A82-7E4C-4DAB-9D38-CD408C9EBC34}.Debug|Any CPU.Build.0 = Debug|Any CPU
        {ABAB6A82-7E4C-4DAB-9D38-CD408C9EBC34}.Release|Any CPU.ActiveCfg = Release|Any CPU
        {ABAB6A82-7E4C-4DAB-9D38-CD408C9EBC34}.Release|Any CPU.Build.0 = Release|Any CPU
        {1E23F23A-02D4-4D26-97E1-6BCE762AF1DB}.Debug|Any CPU.ActiveCfg = Debug|Any CPU
        {1E23F23A-02D4-4D26-97E1-6BCE762AF1DB}.Debug|Any CPU.Build.0 = Debug|Any CPU
        {1E23F23A-02D4-4D26-97E1-6BCE762AF1DB}.Release|Any CPU.ActiveCfg = Release|Any CPU
        {1E23F23A-02D4-4D26-97E1-6BCE762AF1DB}.Release|Any CPU.Build.0 = Release|Any CPU
        {07323241-5B0F-4A85-B366-72DCD29FD7F7}.Debug|Any CPU.ActiveCfg = Debug|Any CPU
        {07323241-5B0F-4A85-B366-72DCD29FD7F7}.Debug|Any CPU.Build.0 = Debug|Any CPU
        {07323241-5B0F-4A85-B366-72DCD29FD7F7}.Release|Any CPU.ActiveCfg = Release|Any CPU
        {07323241-5B0F-4A85-B366-72DCD29FD7F7}.Release|Any CPU.Build.0 = Release|Any CPU
        {D9A78FA0-01C7-4D0F-A3CE-F0592E5EA8D6}.Debug|Any CPU.ActiveCfg = Debug|Any CPU
        {D9A78FA0-01C7-4D0F-A3CE-F0592E5EA8D6}.Debug|Any CPU.Build.0 = Debug|Any CPU
        {D9A78FA0-01C7-4D0F-A3CE-F0592E5EA8D6}.Release|Any CPU.ActiveCfg = Release|Any CPU
        {D9A78FA0-01C7-4D0F-A3CE-F0592E5EA8D6}.Release|Any CPU.Build.0 = Release|Any CPU
        {B64E876A-3803-47E8-95BB-963A0FDBECB7}.Debug|Any CPU.ActiveCfg = Debug|Any CPU
        {B64E876A-3803-47E8-95BB-963A0FDBECB7}.Debug|Any CPU.Build.0 = Debug|Any CPU
        {B64E876A-3803-47E8-95BB-963A0FDBECB7}.Release|Any CPU.ActiveCfg = Release|Any CPU
        {B64E876A-3803-47E8-95BB-963A0FDBECB7}.Release|Any CPU.Build.0 = Release|Any CPU
        {00D6B310-9ADE-41E9-A969-3EC347851A55}.Debug|Any CPU.ActiveCfg = Debug|Any CPU
        {00D6B310-9ADE-41E9-A969-3EC347851A55}.Debug|Any CPU.Build.0 = Debug|Any CPU
        {00D6B310-9ADE-41E9-A969-3EC347851A55}.Release|Any CPU.ActiveCfg = Release|Any CPU
        {00D6B310-9ADE-41E9-A969-3EC347851A55}.Release|Any CPU.Build.0 = Release|Any CPU
        {F6CF0460-CC92-4023-8028-DC9E1C306718}.Debug|Any CPU.ActiveCfg = Debug|Any CPU
        {F6CF0460-CC92-4023-8028-DC9E1C306718}.Debug|Any CPU.Build.0 = Debug|Any CPU
        {F6CF0460-CC92-4023-8028-DC9E1C306718}.Release|Any CPU.ActiveCfg = Release|Any CPU
        {F6CF0460-CC92-4023-8028-DC9E1C306718}.Release|Any CPU.Build.0 = Release|Any CPU
        {50740077-EA2F-4D0A-A4C8-A9B21B82F2E4}.Debug|Any CPU.ActiveCfg = Debug|Any CPU
        {50740077-EA2F-4D0A-A4C8-A9B21B82F2E4}.Debug|Any CPU.Build.0 = Debug|Any CPU
        {50740077-EA2F-4D0A-A4C8-A9B21B82F2E4}.Release|Any CPU.ActiveCfg = Release|Any CPU
        {50740077-EA2F-4D0A-A4C8-A9B21B82F2E4}.Release|Any CPU.Build.0 = Release|Any CPU
    EndGlobalSection
    GlobalSection(NestedProjects) = preSolution
        {67376A09-1D8B-4900-8D1B-2A582402F8E2} = {E9334FA7-2083-4EE7-8C2D-8087DBA2F784}
        {F8D4798A-9791-48C7-BB40-4CDAD0B5D01A} = {67376A09-1D8B-4900-8D1B-2A582402F8E2}
        {985EE04E-4FB9-4AD7-B211-01C168E7E966} = {E9334FA7-2083-4EE7-8C2D-8087DBA2F784}
        {AD051FEA-1552-47D5-84F9-8509545FB5C1} = {985EE04E-4FB9-4AD7-B211-01C168E7E966}
        {9DEBB19D-4E30-4566-9DD1-864B8C4599B1} = {AD051FEA-1552-47D5-84F9-8509545FB5C1}
        {87D182E4-2F72-4D36-8D79-4FEFCC7AA1AF} = {AD051FEA-1552-47D5-84F9-8509545FB5C1}
        {D20E1ED4-723F-43DC-9583-84E243094387} = {AD051FEA-1552-47D5-84F9-8509545FB5C1}
        {0EDE32CA-8532-408C-97B5-F5C2C8A48DEA} = {AD051FEA-1552-47D5-84F9-8509545FB5C1}
        {86B4738C-AEF3-45B6-B2B6-6291FF8B648B} = {59893E3E-1073-43E6-9ADB-B5331DCFD28F}
        {2152D194-7FEC-4D12-969A-8F8DACE2355A} = {86B4738C-AEF3-45B6-B2B6-6291FF8B648B}
        {AADDC1DA-9C18-44D8-B3DA-106BEB98A1A7} = {2152D194-7FEC-4D12-969A-8F8DACE2355A}
        {041F8F0D-E1CB-4892-9458-8058AEE8ED24} = {985EE04E-4FB9-4AD7-B211-01C168E7E966}
        {EF9F8AB1-4130-4210-9F2A-5B30A0B37491} = {041F8F0D-E1CB-4892-9458-8058AEE8ED24}
        {7E603C91-8584-4D16-B42A-BD131372EF00} = {041F8F0D-E1CB-4892-9458-8058AEE8ED24}
        {B32C6108-EF70-4F53-8249-05670F512593} = {041F8F0D-E1CB-4892-9458-8058AEE8ED24}
        {56DEBEA0-484E-4E14-883D-777F12A4BD51} = {041F8F0D-E1CB-4892-9458-8058AEE8ED24}
        {49942279-D33E-463D-A551-C5DEACE770BA} = {86B4738C-AEF3-45B6-B2B6-6291FF8B648B}
        {BDA6B97D-7051-481A-8E31-D04F3F2CC244} = {49942279-D33E-463D-A551-C5DEACE770BA}
        {DEE21BF7-F193-412A-A226-BDD01F390C19} = {985EE04E-4FB9-4AD7-B211-01C168E7E966}
        {52FC35E7-1AEB-4FEC-8697-0B3A1B1DC402} = {DEE21BF7-F193-412A-A226-BDD01F390C19}
        {3D2E6BA2-8A86-48C5-9852-DFD875C09375} = {DEE21BF7-F193-412A-A226-BDD01F390C19}
        {6E8C7A98-8A64-4073-A9AC-49E0CB7113CD} = {DEE21BF7-F193-412A-A226-BDD01F390C19}
        {527B6FC6-5BD1-470C-9C4E-B107EA1EF89B} = {DEE21BF7-F193-412A-A226-BDD01F390C19}
        {2F6CC936-3590-40A2-8A56-C2B8A17B4078} = {86B4738C-AEF3-45B6-B2B6-6291FF8B648B}
        {4B02CFCD-1158-4284-8090-E673544D5157} = {2F6CC936-3590-40A2-8A56-C2B8A17B4078}
        {D0DE7DAD-2427-4097-A7B0-1D79B7E95B6D} = {985EE04E-4FB9-4AD7-B211-01C168E7E966}
        {2E4C269D-50CC-4EEF-91A4-2C4364C9F4D3} = {D0DE7DAD-2427-4097-A7B0-1D79B7E95B6D}
        {2BCEED0D-0054-43C4-97DA-9D4AE3E3A0EA} = {D0DE7DAD-2427-4097-A7B0-1D79B7E95B6D}
        {25AD0A0C-A59E-470A-A683-052609BF02E7} = {D0DE7DAD-2427-4097-A7B0-1D79B7E95B6D}
        {052408EE-986F-457F-B6F9-7E647C8758EE} = {D0DE7DAD-2427-4097-A7B0-1D79B7E95B6D}
        {478BA8BE-B17C-43C2-A6D0-AF603F972BF2} = {86B4738C-AEF3-45B6-B2B6-6291FF8B648B}
        {99ADA6C7-F757-44B1-AEAE-4B1B369C2407} = {478BA8BE-B17C-43C2-A6D0-AF603F972BF2}
        {C03CE1A8-A554-4AEF-AC64-8A8371153FC5} = {985EE04E-4FB9-4AD7-B211-01C168E7E966}
        {2CBD04FF-7585-4ECA-B644-ED690E23A2A6} = {C03CE1A8-A554-4AEF-AC64-8A8371153FC5}
        {C89F80D1-EA94-4A93-9110-D54194840607} = {C03CE1A8-A554-4AEF-AC64-8A8371153FC5}
        {33EF0270-5911-46B2-8B97-368D8CE4FC45} = {C03CE1A8-A554-4AEF-AC64-8A8371153FC5}
        {6C9C1BCA-C04B-455D-ABD5-A9262A0E406E} = {C03CE1A8-A554-4AEF-AC64-8A8371153FC5}
        {08CD0540-3747-400D-BE64-7177E8E6BC9F} = {86B4738C-AEF3-45B6-B2B6-6291FF8B648B}
        {0362EAC7-9B5A-4912-9033-80BA57A5FB77} = {08CD0540-3747-400D-BE64-7177E8E6BC9F}
        {B08C3761-4FFD-4B99-B74D-02398E5E20DB} = {985EE04E-4FB9-4AD7-B211-01C168E7E966}
        {A4434E56-9302-445B-828C-2B5671B69734} = {B08C3761-4FFD-4B99-B74D-02398E5E20DB}
        {39ED5357-376B-452F-806D-491809E12CA2} = {B08C3761-4FFD-4B99-B74D-02398E5E20DB}
        {FC1AD82F-1298-4128-89D5-F940F9C683EF} = {B08C3761-4FFD-4B99-B74D-02398E5E20DB}
        {ABAB6A82-7E4C-4DAB-9D38-CD408C9EBC34} = {B08C3761-4FFD-4B99-B74D-02398E5E20DB}
        {C963B733-4223-43EE-8449-CB3D56911767} = {86B4738C-AEF3-45B6-B2B6-6291FF8B648B}
        {1E23F23A-02D4-4D26-97E1-6BCE762AF1DB} = {C963B733-4223-43EE-8449-CB3D56911767}
        {DC933CD7-0FD4-4AB0-A13C-51E994BF3E78} = {985EE04E-4FB9-4AD7-B211-01C168E7E966}
        {07323241-5B0F-4A85-B366-72DCD29FD7F7} = {DC933CD7-0FD4-4AB0-A13C-51E994BF3E78}
        {D9A78FA0-01C7-4D0F-A3CE-F0592E5EA8D6} = {DC933CD7-0FD4-4AB0-A13C-51E994BF3E78}
        {B64E876A-3803-47E8-95BB-963A0FDBECB7} = {DC933CD7-0FD4-4AB0-A13C-51E994BF3E78}
        {00D6B310-9ADE-41E9-A969-3EC347851A55} = {DC933CD7-0FD4-4AB0-A13C-51E994BF3E78}
        {260FDDF3-E8D0-47D4-8BCD-FCA0E191494F} = {86B4738C-AEF3-45B6-B2B6-6291FF8B648B}
        {F6CF0460-CC92-4023-8028-DC9E1C306718} = {260FDDF3-E8D0-47D4-8BCD-FCA0E191494F}
        {71B8FF6B-E7E8-45FC-A891-7C86E21C2B5C} = {E9334FA7-2083-4EE7-8C2D-8087DBA2F784}
        {50740077-EA2F-4D0A-A4C8-A9B21B82F2E4} = {71B8FF6B-E7E8-45FC-A891-7C86E21C2B5C}
        {AADDC1DA-9C18-44D8-B3DA-106BEB98A1A7} = {2152D194-7FEC-4D12-969A-8F8DACE2355A}
    EndGlobalSection
EndGlobal
